{
  "requires": true,
  "lockfileVersion": 1,
  "dependencies": {
    "i18next": {
      "version": "10.2.1",
      "resolved": "https://registry.npmjs.org/i18next/-/i18next-10.2.1.tgz",
      "integrity": "sha512-7h/ILxepsAjQCMabPvevDZcn+Nxc4/5v52NkMtrzgVOe14BGlGQDs2ygRPki+45VFmRsz2e/In6veRIKQEBGkQ=="
    },
    "i18next-xhr-backend": {
      "version": "1.5.0",
      "resolved": "https://registry.npmjs.org/i18next-xhr-backend/-/i18next-xhr-backend-1.5.0.tgz",
      "integrity": "sha1-/uSugDh5uCS++GWnfW62FkqNYfE="
    },
    "mustache": {
      "version": "2.3.0",
      "resolved": "https://registry.npmjs.org/mustache/-/mustache-2.3.0.tgz",
      "integrity": "sha1-QCj3d4sXcIpImTCm5SrDvKDaQdA="
    },
    "perfect-scrollbar": {
      "version": "1.2.0",
      "resolved": "https://registry.npmjs.org/perfect-scrollbar/-/perfect-scrollbar-1.2.0.tgz",
      "integrity": "sha512-8KlT7AhGdsMI96eUf/cC5JG1qGAvep9i1bEiUyTUDso3b+4WErJfURBKqrS7GaH7u91qsUubJ4xnpsWfdwa+dA=="
    },
    "webextension-polyfill": {
      "version": "0.2.1",
      "resolved": "https://registry.npmjs.org/webextension-polyfill/-/webextension-polyfill-0.2.1.tgz",
      "integrity": "sha1-zfyRJgMwOfFxNVMVfTW+/x1Nb0o="
    }
  }
}
