{
  "lockfileVersion": 1,
  "dependencies": {
    "jquery": {
      "version": "3.2.1",
      "resolved": "https://registry.npmjs.org/jquery/-/jquery-3.2.1.tgz",
      "integrity": "sha1-XE2d5lKvbNCncBVKYxu6ErAVx4c="
    },
    "mustache": {
      "version": "2.3.0",
      "resolved": "https://registry.npmjs.org/mustache/-/mustache-2.3.0.tgz",
      "integrity": "sha1-QCj3d4sXcIpImTCm5SrDvKDaQdA="
    },
    "perfect-scrollbar": {
      "version": "0.7.1",
      "resolved": "https://registry.npmjs.org/perfect-scrollbar/-/perfect-scrollbar-0.7.1.tgz",
      "integrity": "sha1-DCVvucXO5AHWCimWh6P5phSH4NU="
    },
    "webextension-polyfill": {
      "version": "0.1.1",
      "resolved": "https://registry.npmjs.org/webextension-polyfill/-/webextension-polyfill-0.1.1.tgz",
      "integrity": "sha1-HRcuWbnuhwbVzixV7r/gzyOXLXA="
    }
  }
}
