{
  "requires": true,
  "lockfileVersion": 1,
  "dependencies": {
    "i18next": {
      "version": "10.0.1",
      "resolved": "https://registry.npmjs.org/i18next/-/i18next-10.0.1.tgz",
      "integrity": "sha512-ErBEyLAX6bHXRp9KEKd0U2Vlri81qcT7PszN4Q+lPHfr7WEJXGmP6c19FrypfNQsD6cD8SMg6PvBaMhH3+iRBg=="
    },
    "i18next-xhr-backend": {
      "version": "1.4.3",
      "resolved": "https://registry.npmjs.org/i18next-xhr-backend/-/i18next-xhr-backend-1.4.3.tgz",
      "integrity": "sha512-l9YfIMl0N17Ka/F1KmzLF97iDC6xl5FtmTG60h/ETAfFwFQnYmmZ6B+oUKdNU4bZzBQR1QYWp58zVvUv95c5LA=="
    },
    "mustache": {
      "version": "2.3.0",
      "resolved": "https://registry.npmjs.org/mustache/-/mustache-2.3.0.tgz",
      "integrity": "sha1-QCj3d4sXcIpImTCm5SrDvKDaQdA="
    },
    "perfect-scrollbar": {
      "version": "1.0.3",
      "resolved": "https://registry.npmjs.org/perfect-scrollbar/-/perfect-scrollbar-1.0.3.tgz",
      "integrity": "sha512-XASWeorN9fOdK/cErq1+gHC1Uy/sbnoGuVR1y2nsG7PvmzLofruZyTwYaDJUlw8i9S2N1blEdICihQBgoifoYQ=="
    },
    "webextension-polyfill": {
      "version": "0.2.1",
      "resolved": "https://registry.npmjs.org/webextension-polyfill/-/webextension-polyfill-0.2.1.tgz",
      "integrity": "sha1-zfyRJgMwOfFxNVMVfTW+/x1Nb0o="
    }
  }
}
